
Microsoft Visual Studio Solution File, Format Version 12.00
# Visual Studio 2012
Project("{FAE04EC0-301F-11D3-BF4B-00C04F79EFBC}") = "kduganic", "kduganic\kduganic.csproj", "{0F991D4A-669D-4CA5-B55D-8CF13EC9DFCE}"
EndProject
Global
	GlobalSection(SolutionConfigurationPlatforms) = preSolution
		Debug|Any CPU = Debug|Any CPU
		Release|Any CPU = Release|Any CPU
	EndGlobalSection
	GlobalSection(ProjectConfigurationPlatforms) = postSolution
		{0F991D4A-669D-4CA5-B55D-8CF13EC9DFCE}.Debug|Any CPU.ActiveCfg = Debug|Any CPU
		{0F991D4A-669D-4CA5-B55D-8CF13EC9DFCE}.Debug|Any CPU.Build.0 = Debug|Any CPU
		{0F991D4A-669D-4CA5-B55D-8CF13EC9DFCE}.Release|Any CPU.ActiveCfg = Release|Any CPU
		{0F991D4A-669D-4CA5-B55D-8CF13EC9DFCE}.Release|Any CPU.Build.0 = Release|Any CPU
	EndGlobalSection
	GlobalSection(SolutionProperties) = preSolution
		HideSolutionNode = FALSE
	EndGlobalSection
EndGlobal
